
Microsoft Visual Studio Solution File, Format Version 12.00
# Visual Studio 15
VisualStudioVersion = 15.0.28010.2050
MinimumVisualStudioVersion = 10.0.40219.1
Project("{FAE04EC0-301F-11D3-BF4B-00C04F79EFBC}") = "Circle Perimetar", "Circle Perimetar\Circle Perimetar.csproj", "{74744DFB-929B-41A7-90DF-8E5CCAFDBE00}"
EndProject
Global
	GlobalSection(SolutionConfigurationPlatforms) = preSolution
		Debug|Any CPU = Debug|Any CPU
		Release|Any CPU = Release|Any CPU
	EndGlobalSection
	GlobalSection(ProjectConfigurationPlatforms) = postSolution
		{74744DFB-929B-41A7-90DF-8E5CCAFDBE00}.Debug|Any CPU.ActiveCfg = Debug|Any CPU
		{74744DFB-929B-41A7-90DF-8E5CCAFDBE00}.Debug|Any CPU.Build.0 = Debug|Any CPU
		{74744DFB-929B-41A7-90DF-8E5CCAFDBE00}.Release|Any CPU.ActiveCfg = Release|Any CPU
		{74744DFB-929B-41A7-90DF-8E5CCAFDBE00}.Release|Any CPU.Build.0 = Release|Any CPU
	EndGlobalSection
	GlobalSection(SolutionProperties) = preSolution
		HideSolutionNode = FALSE
	EndGlobalSection
	GlobalSection(ExtensibilityGlobals) = postSolution
		SolutionGuid = {6965B39F-0F96-4F45-A862-BE2D4582BD99}
	EndGlobalSection
EndGlobal
